{
  "name": "carbonux",
  "version": "1.0.0",
  "lockfileVersion": 3,
  "requires": true,
  "packages": {
    "": {
      "name": "carbonux",
      "version": "1.0.0",
      "license": "ISC",
      "dependencies": {
        "@agconnect/auth": "^1.3.0",
        "@hw-agconnect/api": "^1.5.1",
        "@hw-agconnect/auth": "^1.5.1"
      }
    },
    "node_modules/@agconnect/api": {
      "version": "1.3.0",
      "resolved": "https://registry.npmjs.org/@agconnect/api/-/api-1.3.0.tgz",
      "integrity": "sha512-JkWwRoQ6HEFaW3i0RZzolvwMZLSH7Q3gw/7NpxZMYr5OrUG23AI6CNE0Tyr/H2Lkrp9KKIoV8Xar2UJ3X23Oew==",
      "dependencies": {
        "@agconnect/api-types": "1.3.0"
      }
    },
    "node_modules/@agconnect/api-types": {
      "version": "1.3.0",
      "resolved": "https://registry.npmjs.org/@agconnect/api-types/-/api-types-1.3.0.tgz",
      "integrity": "sha512-UdyVgiowZpU921uNhxUPfAjfrahej94D1gpWNov8KfODbnVfBfv4l7oySubFJnMuMqpoDh7tQ/NRhQJeyIcKPg=="
    },
    "node_modules/@agconnect/auth": {
      "version": "1.3.0",
      "resolved": "https://registry.npmjs.org/@agconnect/auth/-/auth-1.3.0.tgz",
      "integrity": "sha512-dXwnvIeFS8i0WUBGVgENrgU8OA7c8j5VQ6GVJHf4k4AmApbhiNz2qLdQ/wlM0m6C/ojllmxevCbpCv6vZ0PeEQ==",
      "dependencies": {
        "@agconnect/api": "1.3.0",
        "@agconnect/api-types": "1.3.0",
        "@agconnect/auth-types": "1.3.0",
        "@agconnect/baseservice": "1.3.0",
        "@agconnect/baseservice-types": "1.3.0",
        "@agconnect/core": "1.3.0",
        "@agconnect/instance": "1.3.0",
        "@agconnect/instance-types": "1.3.0",
        "@agconnect/log": "1.3.0",
        "@agconnect/network": "1.3.0",
        "@agconnect/network-types": "1.3.0",
        "@agconnect/storage": "1.3.0",
        "@agconnect/storage-types": "1.3.0",
        "@agconnect/util": "1.3.0"
      }
    },
    "node_modules/@agconnect/auth-types": {
      "version": "1.3.0",
      "resolved": "https://registry.npmjs.org/@agconnect/auth-types/-/auth-types-1.3.0.tgz",
      "integrity": "sha512-ZRxUtMkW/voUGBSb5DPzOMeMZnQ5pWraGL+9e0vT/fXyR+6RGef0+IqIg0O5M2YDiNYqjKS36ABLvM0icO5wmA=="
    },
    "node_modules/@agconnect/baseservice": {
      "version": "1.3.0",
      "resolved": "https://registry.npmjs.org/@agconnect/baseservice/-/baseservice-1.3.0.tgz",
      "integrity": "sha512-p/eqodBbv/A6hnhRnMFyDKlwAldjIXy+BzADIuLhMBrVVQDxfPkTgnTHDuGUoLMD8p+ySuRU5/26y/aoCydpGA==",
      "dependencies": {
        "@agconnect/api": "1.3.0",
        "@agconnect/api-types": "1.3.0",
        "@agconnect/baseservice-types": "1.3.0",
        "@agconnect/core": "1.3.0",
        "@agconnect/instance": "1.3.0",
        "@agconnect/instance-types": "1.3.0",
        "@agconnect/log": "1.3.0",
        "@agconnect/network": "1.3.0",
        "@agconnect/network-types": "1.3.0",
        "@agconnect/storage": "1.3.0",
        "@agconnect/storage-types": "1.3.0"
      }
    },
    "node_modules/@agconnect/baseservice-types": {
      "version": "1.3.0",
      "resolved": "https://registry.npmjs.org/@agconnect/baseservice-types/-/baseservice-types-1.3.0.tgz",
      "integrity": "sha512-wrxid5aoaCQ6pAEpvvy4DEW8Gbc/0jNTjgOgLdWMksOheuq5hnn9Rz7K7rRYDKIAJMBUHuApajbgQJVVgnD0wg=="
    },
    "node_modules/@agconnect/core": {
      "version": "1.3.0",
      "resolved": "https://registry.npmjs.org/@agconnect/core/-/core-1.3.0.tgz",
      "integrity": "sha512-KEwZWv/adyj+BZBrlHcNDfxAS+Uv4Gw2KEeq8IL18A68z5j/8X+W/aI1xCz8iVq03+2anwb04S1+Cjh07VACOw=="
    },
    "node_modules/@agconnect/instance": {
      "version": "1.3.0",
      "resolved": "https://registry.npmjs.org/@agconnect/instance/-/instance-1.3.0.tgz",
      "integrity": "sha512-4KtUn04dOhcj8/WtNg2LwWxeuVcoSLTMDXaxBGzErRjAV7eWqANeYMS27J2OD0O030oTuQ1UEeRuG5lBPmDheQ==",
      "dependencies": {
        "@agconnect/api": "1.3.0",
        "@agconnect/api-types": "1.3.0",
        "@agconnect/core": "1.3.0",
        "@agconnect/instance-types": "1.3.0",
        "@agconnect/log": "1.3.0"
      }
    },
    "node_modules/@agconnect/instance-types": {
      "version": "1.3.0",
      "resolved": "https://registry.npmjs.org/@agconnect/instance-types/-/instance-types-1.3.0.tgz",
      "integrity": "sha512-FRs++LFV8blBI5WPFkd013Vy8S2mLYMIxyyGL1kUsg7oIzTPCRxDBEHnv39m5cFGl/upl++8eQEhtikPjMaRmA=="
    },
    "node_modules/@agconnect/log": {
      "version": "1.3.0",
      "resolved": "https://registry.npmjs.org/@agconnect/log/-/log-1.3.0.tgz",
      "integrity": "sha512-3doJhbo49tm/JWXuGkg6Uf+xFEN9wRurLkhIJxT3Ihb0FNpSt+sp8R7RSFVGnvZkQGyvvA4X2boAiUgAsZvC7w==",
      "dependencies": {
        "@agconnect/api": "1.3.0",
        "@agconnect/api-types": "1.3.0",
        "@agconnect/instance-types": "1.3.0"
      }
    },
    "node_modules/@agconnect/network": {
      "version": "1.3.0",
      "resolved": "https://registry.npmjs.org/@agconnect/network/-/network-1.3.0.tgz",
      "integrity": "sha512-b2ACTTs43i8JI4z4zlqFuKfPD+MaPVCDB/1Dy8cHcstAIY6364Gc+mp1wLiJaP9Tc75eGPYKbbJ0IvzdP3NqOw==",
      "dependencies": {
        "@agconnect/api": "1.3.0",
        "@agconnect/api-types": "1.3.0",
        "@agconnect/instance": "1.3.0",
        "@agconnect/instance-types": "1.3.0",
        "@agconnect/log": "1.3.0",
        "@agconnect/network-types": "1.3.0",
        "axios": "^0.21.1"
      }
    },
    "node_modules/@agconnect/network-types": {
      "version": "1.3.0",
      "resolved": "https://registry.npmjs.org/@agconnect/network-types/-/network-types-1.3.0.tgz",
      "integrity": "sha512-rgcribjWgLkM7gy2J+rgfAOBUHe4HZkFklKygu9aoUBVoteXrcqmuRgDRYgxi/0X1nt7meCQ3zK9kF7PybUlyA=="
    },
    "node_modules/@agconnect/network/node_modules/axios": {
      "version": "0.21.4",
      "resolved": "https://registry.npmjs.org/axios/-/axios-0.21.4.tgz",
      "integrity": "sha512-ut5vewkiu8jjGBdqpM44XxjuCjq9LAKeHVmoVfHVzy8eHgxxq8SbAVQNovDA8mVi05kP0Ea/n/UzcSHcTJQfNg==",
      "dependencies": {
        "follow-redirects": "^1.14.0"
      }
    },
    "node_modules/@agconnect/storage": {
      "version": "1.3.0",
      "resolved": "https://registry.npmjs.org/@agconnect/storage/-/storage-1.3.0.tgz",
      "integrity": "sha512-hfCFnOfSOfGl9vLHQOyATurpZDvk/FgyZmdJZuh7gw9wvo5bgg3WIhfkbrhiqnzK1wRMvTTN8JAyRqnGY23xpQ==",
      "dependencies": {
        "@agconnect/api": "1.3.0",
        "@agconnect/api-types": "1.3.0",
        "@agconnect/core": "1.3.0",
        "@agconnect/instance-types": "1.3.0",
        "@agconnect/log": "1.3.0",
        "@agconnect/storage-types": "1.3.0"
      }
    },
    "node_modules/@agconnect/storage-types": {
      "version": "1.3.0",
      "resolved": "https://registry.npmjs.org/@agconnect/storage-types/-/storage-types-1.3.0.tgz",
      "integrity": "sha512-DazCKwpprNWb7aWFSsdpl4Jpfp/iIwBT69bvKC2FZnCQvK8exTRE4XYDJ1fNB2+19pu2RnMVhAbUY8KA/Z73Kw=="
    },
    "node_modules/@agconnect/util": {
      "version": "1.3.0",
      "resolved": "https://registry.npmjs.org/@agconnect/util/-/util-1.3.0.tgz",
      "integrity": "sha512-GV6ztPE6wY+snbVyFA/k7KOJuk3c7Ipbkzr5ydgFi4ZI0oZEfyoJr6RJaLlPRnDeCGaPIMPLMOXkzKEtMnXLjA==",
      "dependencies": {
        "@agconnect/api": "1.3.0",
        "@agconnect/api-types": "1.3.0",
        "@agconnect/core": "1.3.0",
        "@agconnect/instance": "1.3.0",
        "@agconnect/instance-types": "1.3.0",
        "@agconnect/log": "1.3.0",
        "@agconnect/storage": "1.3.0",
        "@agconnect/storage-types": "1.3.0"
      }
    },
    "node_modules/@hw-agconnect/api": {
      "version": "1.5.1",
      "resolved": "https://registry.npmjs.org/@hw-agconnect/api/-/api-1.5.1.tgz",
      "integrity": "sha512-Ujb1l/39Qn07/++8nkyQx9ZuPmRk51YpR7odth/r5+PJBa7LX/Ebczkj+cPEgnzR8b5rDmlLCjjRqa0CarD9Uw==",
      "dependencies": {
        "@hw-agconnect/api-types": "1.5.1"
      }
    },
    "node_modules/@hw-agconnect/api-types": {
      "version": "1.5.1",
      "resolved": "https://registry.npmjs.org/@hw-agconnect/api-types/-/api-types-1.5.1.tgz",
      "integrity": "sha512-DG1kt8zNmkKl4XC5iiw0filX0vJSk09lktCfPweKobz1t8ykWfDXpfWD5AUodAAoMdWl/D9LoEpDclJIPZ/hfQ=="
    },
    "node_modules/@hw-agconnect/auth": {
      "version": "1.5.1",
      "resolved": "https://registry.npmjs.org/@hw-agconnect/auth/-/auth-1.5.1.tgz",
      "integrity": "sha512-JtNIJMeB58BbmVxf76iIciLIPkuz7rmCVUuNm3W3WJ0Wb+6E3NXjUOFhCaD1tGeI8VX3Ltz6dJtYHcMsY1WjFg==",
      "dependencies": {
        "@hw-agconnect/api": "^1.5.1",
        "@hw-agconnect/api-types": "^1.5.1",
        "@hw-agconnect/auth-types": "1.5.1",
        "@hw-agconnect/baseservice": "1.5.1",
        "@hw-agconnect/baseservice-types": "1.5.1",
        "@hw-agconnect/core": "^1.5.1",
        "@hw-agconnect/instance": "^1.5.1",
        "@hw-agconnect/instance-types": "^1.5.1",
        "@hw-agconnect/log": "^1.5.1",
        "@hw-agconnect/network": "1.5.1",
        "@hw-agconnect/network-types": "1.5.1",
        "@hw-agconnect/storage": "1.5.1",
        "@hw-agconnect/storage-types": "1.5.1",
        "@hw-agconnect/util": "1.5.1"
      }
    },
    "node_modules/@hw-agconnect/auth-types": {
      "version": "1.5.1",
      "resolved": "https://registry.npmjs.org/@hw-agconnect/auth-types/-/auth-types-1.5.1.tgz",
      "integrity": "sha512-1Bwe68f7L9mQJqKDNgdVMAV1aG9XrkWqDhYdzk3iRM4xCPmPghi2jzoUlF1j1Zb2kCNtiJjk3wx6hplUPmjxJQ=="
    },
    "node_modules/@hw-agconnect/baseservice": {
      "version": "1.5.1",
      "resolved": "https://registry.npmjs.org/@hw-agconnect/baseservice/-/baseservice-1.5.1.tgz",
      "integrity": "sha512-KllAnFyLcfiyMW3KcmI8yIS1tbenOX1AG13PtqnGb/dsCyU/BAS626UdwHP3Ag71Gmh8KEh7pVw48kh18E4DZA==",
      "dependencies": {
        "@hw-agconnect/api": "^1.5.1",
        "@hw-agconnect/api-types": "^1.5.1",
        "@hw-agconnect/baseservice-types": "1.5.1",
        "@hw-agconnect/core": "^1.5.1",
        "@hw-agconnect/instance": "^1.5.1",
        "@hw-agconnect/instance-types": "^1.5.1",
        "@hw-agconnect/log": "^1.5.1",
        "@hw-agconnect/network": "1.5.1",
        "@hw-agconnect/network-types": "1.5.1",
        "@hw-agconnect/storage": "1.5.1",
        "@hw-agconnect/storage-types": "1.5.1"
      }
    },
    "node_modules/@hw-agconnect/baseservice-types": {
      "version": "1.5.1",
      "resolved": "https://registry.npmjs.org/@hw-agconnect/baseservice-types/-/baseservice-types-1.5.1.tgz",
      "integrity": "sha512-gAKmGhOZMzBQuSYu3TQr6AqI2mWtD8CKcUMG3GnysRGvOWOE/+S8zJUy5Eb1CpzrqR1ScyRF1jCUCN/5PdM3+g=="
    },
    "node_modules/@hw-agconnect/core": {
      "version": "1.5.1",
      "resolved": "https://registry.npmjs.org/@hw-agconnect/core/-/core-1.5.1.tgz",
      "integrity": "sha512-St7gFLtvqjkVJtnG53tPe5qGeLdlF+mdt0BTznQgF3tJC3CeQ4j1P+KBaTOCbMWCd9lPBwH6kUiesgCOhPvp/A=="
    },
    "node_modules/@hw-agconnect/instance": {
      "version": "1.5.1",
      "resolved": "https://registry.npmjs.org/@hw-agconnect/instance/-/instance-1.5.1.tgz",
      "integrity": "sha512-V9KRZfS0y70wYBDU8WPlLvONJaVNhO1ev8yy9JSGq8zNZJeZrILm9RJO8DhulOR8F4Y+6g8ccSArWH/dX0RgkA==",
      "dependencies": {
        "@hw-agconnect/api": "1.5.1",
        "@hw-agconnect/api-types": "1.5.1",
        "@hw-agconnect/core": "1.5.1",
        "@hw-agconnect/instance-types": "1.5.1",
        "@hw-agconnect/log": "1.5.1"
      }
    },
    "node_modules/@hw-agconnect/instance-types": {
      "version": "1.5.1",
      "resolved": "https://registry.npmjs.org/@hw-agconnect/instance-types/-/instance-types-1.5.1.tgz",
      "integrity": "sha512-zYdPXl9BIPajl/P8C4grvuRiY+6tIh7OSuv1QyWANBmbg1aLob9LNGFzrpvDw4CxrV4VPrYL3iKpWnfgruIZMQ=="
    },
    "node_modules/@hw-agconnect/log": {
      "version": "1.5.1",
      "resolved": "https://registry.npmjs.org/@hw-agconnect/log/-/log-1.5.1.tgz",
      "integrity": "sha512-8FRyiP68KQeJ+3pI+/xNSHiGw7UTMsgBdmteHeJrYJas1U+5RG74CuHUxhwFjEa3iwNan46VaCNLaSrgMehyww==",
      "dependencies": {
        "@hw-agconnect/api": "1.5.1",
        "@hw-agconnect/api-types": "1.5.1",
        "@hw-agconnect/instance-types": "1.5.1"
      }
    },
    "node_modules/@hw-agconnect/network": {
      "version": "1.5.1",
      "resolved": "https://registry.npmjs.org/@hw-agconnect/network/-/network-1.5.1.tgz",
      "integrity": "sha512-Kz94N2qhHB0HPLf3sCzbCENQ239bxb7QSfC9AwicAXJzZFbUabUVITfxKvGPzfiDs/YgpeIjKH1MvsOWoKSLpg==",
      "dependencies": {
        "@hw-agconnect/api": "^1.5.1",
        "@hw-agconnect/api-types": "^1.5.1",
        "@hw-agconnect/instance": "^1.5.1",
        "@hw-agconnect/instance-types": "^1.5.1",
        "@hw-agconnect/log": "^1.5.1",
        "@hw-agconnect/network-types": "1.5.1",
        "axios": "0.27.2",
        "ua-parser-js": "1.0.34"
      }
    },
    "node_modules/@hw-agconnect/network-types": {
      "version": "1.5.1",
      "resolved": "https://registry.npmjs.org/@hw-agconnect/network-types/-/network-types-1.5.1.tgz",
      "integrity": "sha512-b3EWvBHB81J0KBhtbEZxJndp82TSLtnx8ePBjBJqKnodbM/hmkUn7pKTZLswSrQshGIZe6ixFpJj0kE5piP0iA=="
    },
    "node_modules/@hw-agconnect/storage": {
      "version": "1.5.1",
      "resolved": "https://registry.npmjs.org/@hw-agconnect/storage/-/storage-1.5.1.tgz",
      "integrity": "sha512-1SABDBlBaKonFqkI7k44jK5JD0rfT4Z5sJR/qvJUiOjIygFGdFmZdrJDr5QQam1VrcQPMoLkMzSDrWT8bfuCwg==",
      "dependencies": {
        "@hw-agconnect/api": "^1.5.1",
        "@hw-agconnect/api-types": "^1.5.1",
        "@hw-agconnect/core": "^1.5.1",
        "@hw-agconnect/instance": "^1.5.1",
        "@hw-agconnect/instance-types": "^1.5.1",
        "@hw-agconnect/log": "^1.5.1",
        "@hw-agconnect/storage-types": "1.5.1"
      }
    },
    "node_modules/@hw-agconnect/storage-types": {
      "version": "1.5.1",
      "resolved": "https://registry.npmjs.org/@hw-agconnect/storage-types/-/storage-types-1.5.1.tgz",
      "integrity": "sha512-Lwn2kXQGKm27kr8Gmz2M9pPnI/zNe9h05kgMMIwZwq0/9x29Eswa8wgy8cynTk1MdAbuhwkCLn+cxPTZ3CwIvA=="
    },
    "node_modules/@hw-agconnect/util": {
      "version": "1.5.1",
      "resolved": "https://registry.npmjs.org/@hw-agconnect/util/-/util-1.5.1.tgz",
      "integrity": "sha512-PksnWW/I+4u+0fGf9cRP3RmCc5ziiXI4KOB/5KgPzX/RvhpVLbqaUhoiyotbsCqm3LpiV/G6SJJTp1isS1EmcA==",
      "dependencies": {
        "@hw-agconnect/api": "^1.5.1",
        "@hw-agconnect/api-types": "^1.5.1",
        "@hw-agconnect/core": "^1.5.1",
        "@hw-agconnect/instance": "^1.5.1",
        "@hw-agconnect/instance-types": "^1.5.1",
        "@hw-agconnect/log": "^1.5.1",
        "@hw-agconnect/storage": "1.5.1",
        "@hw-agconnect/storage-types": "1.5.1"
      }
    },
    "node_modules/asynckit": {
      "version": "0.4.0",
      "resolved": "https://registry.npmjs.org/asynckit/-/asynckit-0.4.0.tgz",
      "integrity": "sha512-Oei9OH4tRh0YqU3GxhX79dM/mwVgvbZJaSNaRk+bshkj0S5cfHcgYakreBjrHwatXKbz+IoIdYLxrKim2MjW0Q=="
    },
    "node_modules/axios": {
      "version": "0.27.2",
      "resolved": "https://registry.npmjs.org/axios/-/axios-0.27.2.tgz",
      "integrity": "sha512-t+yRIyySRTp/wua5xEr+z1q60QmLq8ABsS5O9Me1AsE5dfKqgnCFzwiCZZ/cGNd1lq4/7akDWMxdhVlucjmnOQ==",
      "dependencies": {
        "follow-redirects": "^1.14.9",
        "form-data": "^4.0.0"
      }
    },
    "node_modules/combined-stream": {
      "version": "1.0.8",
      "resolved": "https://registry.npmjs.org/combined-stream/-/combined-stream-1.0.8.tgz",
      "integrity": "sha512-FQN4MRfuJeHf7cBbBMJFXhKSDq+2kAArBlmRBvcvFE5BB1HZKXtSFASDhdlz9zOYwxh8lDdnvmMOe/+5cdoEdg==",
      "dependencies": {
        "delayed-stream": "~1.0.0"
      },
      "engines": {
        "node": ">= 0.8"
      }
    },
    "node_modules/delayed-stream": {
      "version": "1.0.0",
      "resolved": "https://registry.npmjs.org/delayed-stream/-/delayed-stream-1.0.0.tgz",
      "integrity": "sha512-ZySD7Nf91aLB0RxL4KGrKHBXl7Eds1DAmEdcoVawXnLD7SDhpNgtuII2aAkg7a7QS41jxPSZ17p4VdGnMHk3MQ==",
      "engines": {
        "node": ">=0.4.0"
      }
    },
    "node_modules/follow-redirects": {
      "version": "1.15.2",
      "resolved": "https://registry.npmjs.org/follow-redirects/-/follow-redirects-1.15.2.tgz",
      "integrity": "sha512-VQLG33o04KaQ8uYi2tVNbdrWp1QWxNNea+nmIB4EVM28v0hmP17z7aG1+wAkNzVq4KeXTq3221ye5qTJP91JwA==",
      "funding": [
        {
          "type": "individual",
          "url": "https://github.com/sponsors/RubenVerborgh"
        }
      ],
      "engines": {
        "node": ">=4.0"
      },
      "peerDependenciesMeta": {
        "debug": {
          "optional": true
        }
      }
    },
    "node_modules/form-data": {
      "version": "4.0.0",
      "resolved": "https://registry.npmjs.org/form-data/-/form-data-4.0.0.tgz",
      "integrity": "sha512-ETEklSGi5t0QMZuiXoA/Q6vcnxcLQP5vdugSpuAyi6SVGi2clPPp+xgEhuMaHC+zGgn31Kd235W35f7Hykkaww==",
      "dependencies": {
        "asynckit": "^0.4.0",
        "combined-stream": "^1.0.8",
        "mime-types": "^2.1.12"
      },
      "engines": {
        "node": ">= 6"
      }
    },
    "node_modules/mime-db": {
      "version": "1.52.0",
      "resolved": "https://registry.npmjs.org/mime-db/-/mime-db-1.52.0.tgz",
      "integrity": "sha512-sPU4uV7dYlvtWJxwwxHD0PuihVNiE7TyAbQ5SWxDCB9mUYvOgroQOwYQQOKPJ8CIbE+1ETVlOoK1UC2nU3gYvg==",
      "engines": {
        "node": ">= 0.6"
      }
    },
    "node_modules/mime-types": {
      "version": "2.1.35",
      "resolved": "https://registry.npmjs.org/mime-types/-/mime-types-2.1.35.tgz",
      "integrity": "sha512-ZDY+bPm5zTTF+YpCrAU9nK0UgICYPT0QtT1NZWFv4s++TNkcgVaT0g6+4R2uI4MjQjzysHB1zxuWL50hzaeXiw==",
      "dependencies": {
        "mime-db": "1.52.0"
      },
      "engines": {
        "node": ">= 0.6"
      }
    },
    "node_modules/ua-parser-js": {
      "version": "1.0.34",
      "resolved": "https://registry.npmjs.org/ua-parser-js/-/ua-parser-js-1.0.34.tgz",
      "integrity": "sha512-K9mwJm/DaB6mRLZfw6q8IMXipcrmuT6yfhYmwhAkuh+81sChuYstYA+znlgaflUPaYUa3odxKPKGw6Vw/lANew==",
      "funding": [
        {
          "type": "opencollective",
          "url": "https://opencollective.com/ua-parser-js"
        },
        {
          "type": "paypal",
          "url": "https://paypal.me/faisalman"
        }
      ],
      "engines": {
        "node": "*"
      }
    }
  }
}
